{
  "nodes": {
    "nixpkgs": {
      "locked": {
        "lastModified": 1714231007,
        "narHash": "sha256-EXBKhLSuebleuTQVpM0AFIY+RLWaE7lwHr5ky0bXDtQ=",
        "owner": "NixOS",
        "repo": "nixpkgs",
        "rev": "e012af610b73ac8ffd6b6a6819966e5da7a83cab",
        "type": "github"
      },
      "original": {
        "owner": "NixOS",
        "ref": "master",
        "repo": "nixpkgs",
        "type": "github"
      }
    },
    "root": {
      "inputs": {
        "nixpkgs": "nixpkgs"
      }
    }
  },
  "root": "root",
  "version": 7
}
