{
  "nodes": {
    "nixpkgs": {
      "locked": {
        "lastModified": 1764721920,
        "narHash": "sha256-dWPqUq4DMCfPSuIn+bHk5vjurDzbFv8ZxYRFw7aqtIc=",
        "owner": "NixOS",
        "repo": "nixpkgs",
        "rev": "9980b44a48544ae01409aa4bfaf8b3d45752838a",
        "type": "github"
      },
      "original": {
        "owner": "NixOS",
        "ref": "master",
        "repo": "nixpkgs",
        "type": "github"
      }
    },
    "root": {
      "inputs": {
        "nixpkgs": "nixpkgs"
      }
    }
  },
  "root": "root",
  "version": 7
}
